// !$*UTF8*$!
{
	archiveVersion = 1;
	classes = {
	};
	objectVersion = 50;
	objects = {

/* Begin PBXBuildFile section */
		3B01080E2281E243005E1CBF /* AppDelegate.swift in Sources */ = {isa = PBXBuildFile; fileRef = 3B01080D2281E243005E1CBF /* AppDelegate.swift */; };
		3B0108102281E243005E1CBF /* LoginController.swift in Sources */ = {isa = PBXBuildFile; fileRef = 3B01080F2281E243005E1CBF /* LoginController.swift */; };
		3B0108132281E243005E1CBF /* Main.storyboard in Resources */ = {isa = PBXBuildFile; fileRef = 3B0108112281E243005E1CBF /* Main.storyboard */; };
		3B0108152281E243005E1CBF /* Assets.xcassets in Resources */ = {isa = PBXBuildFile; fileRef = 3B0108142281E243005E1CBF /* Assets.xcassets */; };
		3B0108182281E243005E1CBF /* LaunchScreen.storyboard in Resources */ = {isa = PBXBuildFile; fileRef = 3B0108162281E243005E1CBF /* LaunchScreen.storyboard */; };
		3B0108202281E2A6005E1CBF /* GoogleService-Info.plist in Resources */ = {isa = PBXBuildFile; fileRef = 3B01081F2281E2A6005E1CBF /* GoogleService-Info.plist */; };
		3B50AA57228C7B8700F480FF /* exercises_c (10).gif in Resources */ = {isa = PBXBuildFile; fileRef = 3B50AA56228C7B8700F480FF /* exercises_c (10).gif */; };
		3B551B6E2281EB6800BEBA5B /* SigninController.swift in Sources */ = {isa = PBXBuildFile; fileRef = 3B551B6D2281EB6800BEBA5B /* SigninController.swift */; };
		3B5EFF0B2293DBA7008EEBA8 /* PageViewController.swift in Sources */ = {isa = PBXBuildFile; fileRef = 3B5EFF0A2293DBA7008EEBA8 /* PageViewController.swift */; };
		3B5EFF1722942E4F008EEBA8 /* pause.gif in Resources */ = {isa = PBXBuildFile; fileRef = 3B5EFF1622942E4F008EEBA8 /* pause.gif */; };
		3B6BA058228D98220022144F /* ActivityController.swift in Sources */ = {isa = PBXBuildFile; fileRef = 3B6BA057228D98220022144F /* ActivityController.swift */; };
		3B6BA05A228D9C670022144F /* timer.mp3 in Resources */ = {isa = PBXBuildFile; fileRef = 3B6BA059228D9C670022144F /* timer.mp3 */; };
		3B6BA05C228DAEBF0022144F /* loading2.gif in Resources */ = {isa = PBXBuildFile; fileRef = 3B6BA05B228DAEBE0022144F /* loading2.gif */; };
		3B94566B228ABB9D002E4BEE /* configGif.swift in Sources */ = {isa = PBXBuildFile; fileRef = 3B94566A228ABB9D002E4BEE /* configGif.swift */; };
		3B98FA142292E5330094092E /* PopupController.swift in Sources */ = {isa = PBXBuildFile; fileRef = 3B98FA132292E5330094092E /* PopupController.swift */; };
		3BA4B6BF228965EA00FB0C5D /* ProgressWeightController.swift in Sources */ = {isa = PBXBuildFile; fileRef = 3BA4B6BE228965EA00FB0C5D /* ProgressWeightController.swift */; };
		3BB4B0052294B1E400903888 /* loading.gif in Resources */ = {isa = PBXBuildFile; fileRef = 3BB4B0042294B1E400903888 /* loading.gif */; };
		3BB4B0082294B2E200903888 /* loading3.gif in Resources */ = {isa = PBXBuildFile; fileRef = 3BB4B0062294B2E200903888 /* loading3.gif */; };
		3BB4B0092294B2E200903888 /* loading5.gif in Resources */ = {isa = PBXBuildFile; fileRef = 3BB4B0072294B2E200903888 /* loading5.gif */; };
		3BB4B00B2294B31100903888 /* Sb1ViewController.swift in Sources */ = {isa = PBXBuildFile; fileRef = 3BB4B00A2294B31100903888 /* Sb1ViewController.swift */; };
		3BB4B00D2294C9B700903888 /* AddProgrammController.swift in Sources */ = {isa = PBXBuildFile; fileRef = 3BB4B00C2294C9B700903888 /* AddProgrammController.swift */; };
		3BB4B00F229542C200903888 /* Sb2Controller.swift in Sources */ = {isa = PBXBuildFile; fileRef = 3BB4B00E229542C200903888 /* Sb2Controller.swift */; };
		3BF11745228E1EAA0054BEF8 /* ex10.gif in Resources */ = {isa = PBXBuildFile; fileRef = 3BF11731228E1EA70054BEF8 /* ex10.gif */; };
		3BF11746228E1EAA0054BEF8 /* ex11.gif in Resources */ = {isa = PBXBuildFile; fileRef = 3BF11732228E1EA70054BEF8 /* ex11.gif */; };
		3BF11747228E1EAA0054BEF8 /* ex19.gif in Resources */ = {isa = PBXBuildFile; fileRef = 3BF11733228E1EA70054BEF8 /* ex19.gif */; };
		3BF11748228E1EAA0054BEF8 /* ex2.gif in Resources */ = {isa = PBXBuildFile; fileRef = 3BF11734228E1EA80054BEF8 /* ex2.gif */; };
		3BF11749228E1EAA0054BEF8 /* ex20.gif in Resources */ = {isa = PBXBuildFile; fileRef = 3BF11735228E1EA80054BEF8 /* ex20.gif */; };
		3BF1174A228E1EAA0054BEF8 /* ex18.gif in Resources */ = {isa = PBXBuildFile; fileRef = 3BF11736228E1EA80054BEF8 /* ex18.gif */; };
		3BF1174B228E1EAA0054BEF8 /* ex14.gif in Resources */ = {isa = PBXBuildFile; fileRef = 3BF11737228E1EA80054BEF8 /* ex14.gif */; };
		3BF1174C228E1EAA0054BEF8 /* ex6.gif in Resources */ = {isa = PBXBuildFile; fileRef = 3BF11738228E1EA80054BEF8 /* ex6.gif */; };
		3BF1174D228E1EAA0054BEF8 /* ex8.gif in Resources */ = {isa = PBXBuildFile; fileRef = 3BF11739228E1EA80054BEF8 /* ex8.gif */; };
		3BF1174E228E1EAA0054BEF8 /* ex4.gif in Resources */ = {isa = PBXBuildFile; fileRef = 3BF1173A228E1EA80054BEF8 /* ex4.gif */; };
		3BF1174F228E1EAA0054BEF8 /* ex15.gif in Resources */ = {isa = PBXBuildFile; fileRef = 3BF1173B228E1EA80054BEF8 /* ex15.gif */; };
		3BF11750228E1EAA0054BEF8 /* ex7.gif in Resources */ = {isa = PBXBuildFile; fileRef = 3BF1173C228E1EA80054BEF8 /* ex7.gif */; };
		3BF11751228E1EAA0054BEF8 /* ex3.gif in Resources */ = {isa = PBXBuildFile; fileRef = 3BF1173D228E1EA90054BEF8 /* ex3.gif */; };
		3BF11752228E1EAA0054BEF8 /* ex16.gif in Resources */ = {isa = PBXBuildFile; fileRef = 3BF1173E228E1EA90054BEF8 /* ex16.gif */; };
		3BF11753228E1EAA0054BEF8 /* ex1.gif in Resources */ = {isa = PBXBuildFile; fileRef = 3BF1173F228E1EA90054BEF8 /* ex1.gif */; };
		3BF11754228E1EAA0054BEF8 /* ex5.gif in Resources */ = {isa = PBXBuildFile; fileRef = 3BF11740228E1EA90054BEF8 /* ex5.gif */; };
		3BF11755228E1EAA0054BEF8 /* ex9.gif in Resources */ = {isa = PBXBuildFile; fileRef = 3BF11741228E1EA90054BEF8 /* ex9.gif */; };
		3BF11756228E1EAA0054BEF8 /* ex13.gif in Resources */ = {isa = PBXBuildFile; fileRef = 3BF11742228E1EA90054BEF8 /* ex13.gif */; };
		3BF11757228E1EAA0054BEF8 /* ex17.gif in Resources */ = {isa = PBXBuildFile; fileRef = 3BF11743228E1EA90054BEF8 /* ex17.gif */; };
		3BF11758228E1EAA0054BEF8 /* ex12.gif in Resources */ = {isa = PBXBuildFile; fileRef = 3BF11744228E1EA90054BEF8 /* ex12.gif */; };
		3BFB520A22838AE50041D872 /* HomeController.swift in Sources */ = {isa = PBXBuildFile; fileRef = 3BFB520922838AE50041D872 /* HomeController.swift */; };
		3BFB520C22841A420041D872 /* ProfileController.swift in Sources */ = {isa = PBXBuildFile; fileRef = 3BFB520B22841A420041D872 /* ProfileController.swift */; };
		3BFB520E2284515C0041D872 /* ProgramController.swift in Sources */ = {isa = PBXBuildFile; fileRef = 3BFB520D2284515C0041D872 /* ProgramController.swift */; };
		3BFB5210228451720041D872 /* SharedController.swift in Sources */ = {isa = PBXBuildFile; fileRef = 3BFB520F228451720041D872 /* SharedController.swift */; };
		3BFB5216228460A20041D872 /* TabBarViewController.swift in Sources */ = {isa = PBXBuildFile; fileRef = 3BFB5215228460A20041D872 /* TabBarViewController.swift */; };
		3BFB52182284D53E0041D872 /* EditProfileController.swift in Sources */ = {isa = PBXBuildFile; fileRef = 3BFB52172284D53E0041D872 /* EditProfileController.swift */; };
		942F272A6CC2D3CE6F88C5F8 /* Pods_Sport_With_You__.framework in Frameworks */ = {isa = PBXBuildFile; fileRef = 0224C0B8994BED7124696BB6 /* Pods_Sport_With_You__.framework */; };
/* End PBXBuildFile section */

/* Begin PBXFileReference section */
		0224C0B8994BED7124696BB6 /* Pods_Sport_With_You__.framework */ = {isa = PBXFileReference; explicitFileType = wrapper.framework; includeInIndex = 0; path = Pods_Sport_With_You__.framework; sourceTree = BUILT_PRODUCTS_DIR; };
		1DEAC727790F6C4D43689FFF /* Pods-Sport With You !.debug.xcconfig */ = {isa = PBXFileReference; includeInIndex = 1; lastKnownFileType = text.xcconfig; name = "Pods-Sport With You !.debug.xcconfig"; path = "Pods/Target Support Files/Pods-Sport With You !/Pods-Sport With You !.debug.xcconfig"; sourceTree = "<group>"; };
		39F6161FD9F23CD731DBF6B4 /* Pods-Sport With You !.release.xcconfig */ = {isa = PBXFileReference; includeInIndex = 1; lastKnownFileType = text.xcconfig; name = "Pods-Sport With You !.release.xcconfig"; path = "Pods/Target Support Files/Pods-Sport With You !/Pods-Sport With You !.release.xcconfig"; sourceTree = "<group>"; };
		3B01080A2281E243005E1CBF /* Sport With You !.app */ = {isa = PBXFileReference; explicitFileType = wrapper.application; includeInIndex = 0; path = "Sport With You !.app"; sourceTree = BUILT_PRODUCTS_DIR; };
		3B01080D2281E243005E1CBF /* AppDelegate.swift */ = {isa = PBXFileReference; lastKnownFileType = sourcecode.swift; path = AppDelegate.swift; sourceTree = "<group>"; };
		3B01080F2281E243005E1CBF /* LoginController.swift */ = {isa = PBXFileReference; lastKnownFileType = sourcecode.swift; path = LoginController.swift; sourceTree = "<group>"; };
		3B0108122281E243005E1CBF /* Base */ = {isa = PBXFileReference; lastKnownFileType = file.storyboard; name = Base; path = Base.lproj/Main.storyboard; sourceTree = "<group>"; };
		3B0108142281E243005E1CBF /* Assets.xcassets */ = {isa = PBXFileReference; lastKnownFileType = folder.assetcatalog; path = Assets.xcassets; sourceTree = "<group>"; };
		3B0108172281E243005E1CBF /* Base */ = {isa = PBXFileReference; lastKnownFileType = file.storyboard; name = Base; path = Base.lproj/LaunchScreen.storyboard; sourceTree = "<group>"; };
		3B0108192281E243005E1CBF /* Info.plist */ = {isa = PBXFileReference; lastKnownFileType = text.plist.xml; path = Info.plist; sourceTree = "<group>"; };
		3B01081F2281E2A6005E1CBF /* GoogleService-Info.plist */ = {isa = PBXFileReference; fileEncoding = 4; lastKnownFileType = text.plist.xml; path = "GoogleService-Info.plist"; sourceTree = "<group>"; };
		3B50AA56228C7B8700F480FF /* exercises_c (10).gif */ = {isa = PBXFileReference; lastKnownFileType = image.gif; path = "exercises_c (10).gif"; sourceTree = "<group>"; };
		3B551B6D2281EB6800BEBA5B /* SigninController.swift */ = {isa = PBXFileReference; lastKnownFileType = sourcecode.swift; path = SigninController.swift; sourceTree = "<group>"; };
		3B5EFF0A2293DBA7008EEBA8 /* PageViewController.swift */ = {isa = PBXFileReference; lastKnownFileType = sourcecode.swift; path = PageViewController.swift; sourceTree = "<group>"; };
		3B5EFF1622942E4F008EEBA8 /* pause.gif */ = {isa = PBXFileReference; lastKnownFileType = image.gif; path = pause.gif; sourceTree = "<group>"; };
		3B6BA057228D98220022144F /* ActivityController.swift */ = {isa = PBXFileReference; lastKnownFileType = sourcecode.swift; path = ActivityController.swift; sourceTree = "<group>"; };
		3B6BA059228D9C670022144F /* timer.mp3 */ = {isa = PBXFileReference; lastKnownFileType = audio.mp3; name = timer.mp3; path = ../../assets/sound/timer.mp3; sourceTree = "<group>"; };
		3B6BA05B228DAEBE0022144F /* loading2.gif */ = {isa = PBXFileReference; lastKnownFileType = image.gif; path = loading2.gif; sourceTree = "<group>"; };
		3B94566A228ABB9D002E4BEE /* configGif.swift */ = {isa = PBXFileReference; lastKnownFileType = sourcecode.swift; path = configGif.swift; sourceTree = "<group>"; };
		3B98FA132292E5330094092E /* PopupController.swift */ = {isa = PBXFileReference; lastKnownFileType = sourcecode.swift; path = PopupController.swift; sourceTree = "<group>"; };
		3BA4B6BE228965EA00FB0C5D /* ProgressWeightController.swift */ = {isa = PBXFileReference; lastKnownFileType = sourcecode.swift; path = ProgressWeightController.swift; sourceTree = "<group>"; };
		3BB4B0042294B1E400903888 /* loading.gif */ = {isa = PBXFileReference; lastKnownFileType = image.gif; path = loading.gif; sourceTree = "<group>"; };
		3BB4B0062294B2E200903888 /* loading3.gif */ = {isa = PBXFileReference; lastKnownFileType = image.gif; path = loading3.gif; sourceTree = "<group>"; };
		3BB4B0072294B2E200903888 /* loading5.gif */ = {isa = PBXFileReference; lastKnownFileType = image.gif; path = loading5.gif; sourceTree = "<group>"; };
		3BB4B00A2294B31100903888 /* Sb1ViewController.swift */ = {isa = PBXFileReference; lastKnownFileType = sourcecode.swift; path = Sb1ViewController.swift; sourceTree = "<group>"; };
		3BB4B00C2294C9B700903888 /* AddProgrammController.swift */ = {isa = PBXFileReference; lastKnownFileType = sourcecode.swift; path = AddProgrammController.swift; sourceTree = "<group>"; };
		3BB4B00E229542C200903888 /* Sb2Controller.swift */ = {isa = PBXFileReference; lastKnownFileType = sourcecode.swift; path = Sb2Controller.swift; sourceTree = "<group>"; };
		3BF11731228E1EA70054BEF8 /* ex10.gif */ = {isa = PBXFileReference; lastKnownFileType = image.gif; path = ex10.gif; sourceTree = "<group>"; };
		3BF11732228E1EA70054BEF8 /* ex11.gif */ = {isa = PBXFileReference; lastKnownFileType = image.gif; path = ex11.gif; sourceTree = "<group>"; };
		3BF11733228E1EA70054BEF8 /* ex19.gif */ = {isa = PBXFileReference; lastKnownFileType = image.gif; path = ex19.gif; sourceTree = "<group>"; };
		3BF11734228E1EA80054BEF8 /* ex2.gif */ = {isa = PBXFileReference; lastKnownFileType = image.gif; path = ex2.gif; sourceTree = "<group>"; };
		3BF11735228E1EA80054BEF8 /* ex20.gif */ = {isa = PBXFileReference; lastKnownFileType = image.gif; path = ex20.gif; sourceTree = "<group>"; };
		3BF11736228E1EA80054BEF8 /* ex18.gif */ = {isa = PBXFileReference; lastKnownFileType = image.gif; path = ex18.gif; sourceTree = "<group>"; };
		3BF11737228E1EA80054BEF8 /* ex14.gif */ = {isa = PBXFileReference; lastKnownFileType = image.gif; path = ex14.gif; sourceTree = "<group>"; };
		3BF11738228E1EA80054BEF8 /* ex6.gif */ = {isa = PBXFileReference; lastKnownFileType = image.gif; path = ex6.gif; sourceTree = "<group>"; };
		3BF11739228E1EA80054BEF8 /* ex8.gif */ = {isa = PBXFileReference; lastKnownFileType = image.gif; path = ex8.gif; sourceTree = "<group>"; };
		3BF1173A228E1EA80054BEF8 /* ex4.gif */ = {isa = PBXFileReference; lastKnownFileType = image.gif; path = ex4.gif; sourceTree = "<group>"; };
		3BF1173B228E1EA80054BEF8 /* ex15.gif */ = {isa = PBXFileReference; lastKnownFileType = image.gif; path = ex15.gif; sourceTree = "<group>"; };
		3BF1173C228E1EA80054BEF8 /* ex7.gif */ = {isa = PBXFileReference; lastKnownFileType = image.gif; path = ex7.gif; sourceTree = "<group>"; };
		3BF1173D228E1EA90054BEF8 /* ex3.gif */ = {isa = PBXFileReference; lastKnownFileType = image.gif; path = ex3.gif; sourceTree = "<group>"; };
		3BF1173E228E1EA90054BEF8 /* ex16.gif */ = {isa = PBXFileReference; lastKnownFileType = image.gif; path = ex16.gif; sourceTree = "<group>"; };
		3BF1173F228E1EA90054BEF8 /* ex1.gif */ = {isa = PBXFileReference; lastKnownFileType = image.gif; path = ex1.gif; sourceTree = "<group>"; };
		3BF11740228E1EA90054BEF8 /* ex5.gif */ = {isa = PBXFileReference; lastKnownFileType = image.gif; path = ex5.gif; sourceTree = "<group>"; };
		3BF11741228E1EA90054BEF8 /* ex9.gif */ = {isa = PBXFileReference; lastKnownFileType = image.gif; path = ex9.gif; sourceTree = "<group>"; };
		3BF11742228E1EA90054BEF8 /* ex13.gif */ = {isa = PBXFileReference; lastKnownFileType = image.gif; path = ex13.gif; sourceTree = "<group>"; };
		3BF11743228E1EA90054BEF8 /* ex17.gif */ = {isa = PBXFileReference; lastKnownFileType = image.gif; path = ex17.gif; sourceTree = "<group>"; };
		3BF11744228E1EA90054BEF8 /* ex12.gif */ = {isa = PBXFileReference; lastKnownFileType = image.gif; path = ex12.gif; sourceTree = "<group>"; };
		3BFB520922838AE50041D872 /* HomeController.swift */ = {isa = PBXFileReference; lastKnownFileType = sourcecode.swift; path = HomeController.swift; sourceTree = "<group>"; };
		3BFB520B22841A420041D872 /* ProfileController.swift */ = {isa = PBXFileReference; lastKnownFileType = sourcecode.swift; path = ProfileController.swift; sourceTree = "<group>"; };
		3BFB520D2284515C0041D872 /* ProgramController.swift */ = {isa = PBXFileReference; lastKnownFileType = sourcecode.swift; path = ProgramController.swift; sourceTree = "<group>"; };
		3BFB520F228451720041D872 /* SharedController.swift */ = {isa = PBXFileReference; lastKnownFileType = sourcecode.swift; path = SharedController.swift; sourceTree = "<group>"; };
		3BFB5215228460A20041D872 /* TabBarViewController.swift */ = {isa = PBXFileReference; lastKnownFileType = sourcecode.swift; path = TabBarViewController.swift; sourceTree = "<group>"; };
		3BFB52172284D53E0041D872 /* EditProfileController.swift */ = {isa = PBXFileReference; lastKnownFileType = sourcecode.swift; path = EditProfileController.swift; sourceTree = "<group>"; };
/* End PBXFileReference section */

/* Begin PBXFrameworksBuildPhase section */
		3B0108072281E243005E1CBF /* Frameworks */ = {
			isa = PBXFrameworksBuildPhase;
			buildActionMask = 2147483647;
			files = (
				942F272A6CC2D3CE6F88C5F8 /* Pods_Sport_With_You__.framework in Frameworks */,
			);
			runOnlyForDeploymentPostprocessing = 0;
		};
/* End PBXFrameworksBuildPhase section */

/* Begin PBXGroup section */
		16C5D5BD62698131D7659050 /* Pods */ = {
			isa = PBXGroup;
			children = (
				1DEAC727790F6C4D43689FFF /* Pods-Sport With You !.debug.xcconfig */,
				39F6161FD9F23CD731DBF6B4 /* Pods-Sport With You !.release.xcconfig */,
			);
			name = Pods;
			sourceTree = "<group>";
		};
		2B0E432904AC272B0551230D /* Frameworks */ = {
			isa = PBXGroup;
			children = (
				0224C0B8994BED7124696BB6 /* Pods_Sport_With_You__.framework */,
			);
			name = Frameworks;
			sourceTree = "<group>";
		};
		3B0108012281E243005E1CBF = {
			isa = PBXGroup;
			children = (
				3B01080C2281E243005E1CBF /* Sport With You ! */,
				3B01080B2281E243005E1CBF /* Products */,
				16C5D5BD62698131D7659050 /* Pods */,
				2B0E432904AC272B0551230D /* Frameworks */,
			);
			sourceTree = "<group>";
		};
		3B01080B2281E243005E1CBF /* Products */ = {
			isa = PBXGroup;
			children = (
				3B01080A2281E243005E1CBF /* Sport With You !.app */,
			);
			name = Products;
			sourceTree = "<group>";
		};
		3B01080C2281E243005E1CBF /* Sport With You ! */ = {
			isa = PBXGroup;
			children = (
				3BF11730228E1E7E0054BEF8 /* gif-ex */,
				3B01080D2281E243005E1CBF /* AppDelegate.swift */,
				3B01080F2281E243005E1CBF /* LoginController.swift */,
				3B551B6D2281EB6800BEBA5B /* SigninController.swift */,
				3BFB520922838AE50041D872 /* HomeController.swift */,
				3B94566A228ABB9D002E4BEE /* configGif.swift */,
				3BFB520B22841A420041D872 /* ProfileController.swift */,
				3BFB52172284D53E0041D872 /* EditProfileController.swift */,
				3BFB520D2284515C0041D872 /* ProgramController.swift */,
				3BB4B00C2294C9B700903888 /* AddProgrammController.swift */,
				3BFB520F228451720041D872 /* SharedController.swift */,
				3BA4B6BE228965EA00FB0C5D /* ProgressWeightController.swift */,
				3BFB5215228460A20041D872 /* TabBarViewController.swift */,
				3B98FA132292E5330094092E /* PopupController.swift */,
				3BB4B00A2294B31100903888 /* Sb1ViewController.swift */,
				3BB4B00E229542C200903888 /* Sb2Controller.swift */,
				3B5EFF0A2293DBA7008EEBA8 /* PageViewController.swift */,
				3B0108112281E243005E1CBF /* Main.storyboard */,
				3B0108162281E243005E1CBF /* LaunchScreen.storyboard */,
				3B6BA057228D98220022144F /* ActivityController.swift */,
				3B0108142281E243005E1CBF /* Assets.xcassets */,
				3BB4B0042294B1E400903888 /* loading.gif */,
				3B0108192281E243005E1CBF /* Info.plist */,
				3B01081F2281E2A6005E1CBF /* GoogleService-Info.plist */,
				3B50AA56228C7B8700F480FF /* exercises_c (10).gif */,
				3B6BA059228D9C670022144F /* timer.mp3 */,
				3B5EFF1622942E4F008EEBA8 /* pause.gif */,
				3B6BA05B228DAEBE0022144F /* loading2.gif */,
				3BB4B0062294B2E200903888 /* loading3.gif */,
				3BB4B0072294B2E200903888 /* loading5.gif */,
			);
			path = "Sport With You !";
			sourceTree = "<group>";
		};
		3BF11730228E1E7E0054BEF8 /* gif-ex */ = {
			isa = PBXGroup;
			children = (
				3BF1173F228E1EA90054BEF8 /* ex1.gif */,
				3BF11734228E1EA80054BEF8 /* ex2.gif */,
				3BF1173D228E1EA90054BEF8 /* ex3.gif */,
				3BF1173A228E1EA80054BEF8 /* ex4.gif */,
				3BF11740228E1EA90054BEF8 /* ex5.gif */,
				3BF11738228E1EA80054BEF8 /* ex6.gif */,
				3BF1173C228E1EA80054BEF8 /* ex7.gif */,
				3BF11739228E1EA80054BEF8 /* ex8.gif */,
				3BF11741228E1EA90054BEF8 /* ex9.gif */,
				3BF11731228E1EA70054BEF8 /* ex10.gif */,
				3BF11732228E1EA70054BEF8 /* ex11.gif */,
				3BF11744228E1EA90054BEF8 /* ex12.gif */,
				3BF11742228E1EA90054BEF8 /* ex13.gif */,
				3BF11737228E1EA80054BEF8 /* ex14.gif */,
				3BF1173B228E1EA80054BEF8 /* ex15.gif */,
				3BF1173E228E1EA90054BEF8 /* ex16.gif */,
				3BF11743228E1EA90054BEF8 /* ex17.gif */,
				3BF11736228E1EA80054BEF8 /* ex18.gif */,
				3BF11733228E1EA70054BEF8 /* ex19.gif */,
				3BF11735228E1EA80054BEF8 /* ex20.gif */,
			);
			path = "gif-ex";
			sourceTree = "<group>";
		};
/* End PBXGroup section */

/* Begin PBXNativeTarget section */
		3B0108092281E243005E1CBF /* Sport With You ! */ = {
			isa = PBXNativeTarget;
			buildConfigurationList = 3B01081C2281E243005E1CBF /* Build configuration list for PBXNativeTarget "Sport With You !" */;
			buildPhases = (
				26A8595B3B80785983A86372 /* [CP] Check Pods Manifest.lock */,
				3B0108062281E243005E1CBF /* Sources */,
				3B0108072281E243005E1CBF /* Frameworks */,
				3B0108082281E243005E1CBF /* Resources */,
				32CF91FAB97F8A357B34129C /* [CP] Embed Pods Frameworks */,
			);
			buildRules = (
			);
			dependencies = (
			);
			name = "Sport With You !";
			productName = "Sport With You !";
			productReference = 3B01080A2281E243005E1CBF /* Sport With You !.app */;
			productType = "com.apple.product-type.application";
		};
/* End PBXNativeTarget section */

/* Begin PBXProject section */
		3B0108022281E243005E1CBF /* Project object */ = {
			isa = PBXProject;
			attributes = {
				LastSwiftUpdateCheck = 1020;
				LastUpgradeCheck = 1020;
				ORGANIZATIONNAME = "Dany Jean-Charles";
				TargetAttributes = {
					3B0108092281E243005E1CBF = {
						CreatedOnToolsVersion = 10.2.1;
						SystemCapabilities = {
							com.apple.BackgroundModes = {
								enabled = 1;
							};
						};
					};
				};
			};
			buildConfigurationList = 3B0108052281E243005E1CBF /* Build configuration list for PBXProject "Sport With You !" */;
			compatibilityVersion = "Xcode 9.3";
			developmentRegion = en;
			hasScannedForEncodings = 0;
			knownRegions = (
				en,
				Base,
			);
			mainGroup = 3B0108012281E243005E1CBF;
			productRefGroup = 3B01080B2281E243005E1CBF /* Products */;
			projectDirPath = "";
			projectRoot = "";
			targets = (
				3B0108092281E243005E1CBF /* Sport With You ! */,
			);
		};
/* End PBXProject section */

/* Begin PBXResourcesBuildPhase section */
		3B0108082281E243005E1CBF /* Resources */ = {
			isa = PBXResourcesBuildPhase;
			buildActionMask = 2147483647;
			files = (
				3B6BA05C228DAEBF0022144F /* loading2.gif in Resources */,
				3B0108182281E243005E1CBF /* LaunchScreen.storyboard in Resources */,
				3BF11748228E1EAA0054BEF8 /* ex2.gif in Resources */,
				3BF11749228E1EAA0054BEF8 /* ex20.gif in Resources */,
				3BF11745228E1EAA0054BEF8 /* ex10.gif in Resources */,
				3B0108202281E2A6005E1CBF /* GoogleService-Info.plist in Resources */,
				3B6BA05A228D9C670022144F /* timer.mp3 in Resources */,
				3BF11755228E1EAA0054BEF8 /* ex9.gif in Resources */,
				3BF1174F228E1EAA0054BEF8 /* ex15.gif in Resources */,
				3BF1174A228E1EAA0054BEF8 /* ex18.gif in Resources */,
				3BF11753228E1EAA0054BEF8 /* ex1.gif in Resources */,
				3BF11751228E1EAA0054BEF8 /* ex3.gif in Resources */,
				3BF11754228E1EAA0054BEF8 /* ex5.gif in Resources */,
				3BB4B0082294B2E200903888 /* loading3.gif in Resources */,
				3BF11750228E1EAA0054BEF8 /* ex7.gif in Resources */,
				3BB4B0092294B2E200903888 /* loading5.gif in Resources */,
				3BF11752228E1EAA0054BEF8 /* ex16.gif in Resources */,
				3BF11758228E1EAA0054BEF8 /* ex12.gif in Resources */,
				3B0108152281E243005E1CBF /* Assets.xcassets in Resources */,
				3BB4B0052294B1E400903888 /* loading.gif in Resources */,
				3BF11756228E1EAA0054BEF8 /* ex13.gif in Resources */,
				3BF1174E228E1EAA0054BEF8 /* ex4.gif in Resources */,
				3B5EFF1722942E4F008EEBA8 /* pause.gif in Resources */,
				3B0108132281E243005E1CBF /* Main.storyboard in Resources */,
				3BF11747228E1EAA0054BEF8 /* ex19.gif in Resources */,
				3BF1174D228E1EAA0054BEF8 /* ex8.gif in Resources */,
				3B50AA57228C7B8700F480FF /* exercises_c (10).gif in Resources */,
				3BF11746228E1EAA0054BEF8 /* ex11.gif in Resources */,
				3BF1174B228E1EAA0054BEF8 /* ex14.gif in Resources */,
				3BF11757228E1EAA0054BEF8 /* ex17.gif in Resources */,
				3BF1174C228E1EAA0054BEF8 /* ex6.gif in Resources */,
			);
			runOnlyForDeploymentPostprocessing = 0;
		};
/* End PBXResourcesBuildPhase section */

/* Begin PBXShellScriptBuildPhase section */
		26A8595B3B80785983A86372 /* [CP] Check Pods Manifest.lock */ = {
			isa = PBXShellScriptBuildPhase;
			buildActionMask = 2147483647;
			files = (
			);
			inputPaths = (
				"${PODS_PODFILE_DIR_PATH}/Podfile.lock",
				"${PODS_ROOT}/Manifest.lock",
			);
			name = "[CP] Check Pods Manifest.lock";
			outputPaths = (
				"$(DERIVED_FILE_DIR)/Pods-Sport With You !-checkManifestLockResult.txt",
			);
			runOnlyForDeploymentPostprocessing = 0;
			shellPath = /bin/sh;
			shellScript = "diff \"${PODS_PODFILE_DIR_PATH}/Podfile.lock\" \"${PODS_ROOT}/Manifest.lock\" > /dev/null\nif [ $? != 0 ] ; then\n    # print error to STDERR\n    echo \"error: The sandbox is not in sync with the Podfile.lock. Run 'pod install' or update your CocoaPods installation.\" >&2\n    exit 1\nfi\n# This output is used by Xcode 'outputs' to avoid re-running this script phase.\necho \"SUCCESS\" > \"${SCRIPT_OUTPUT_FILE_0}\"\n";
			showEnvVarsInLog = 0;
		};
		32CF91FAB97F8A357B34129C /* [CP] Embed Pods Frameworks */ = {
			isa = PBXShellScriptBuildPhase;
			buildActionMask = 2147483647;
			files = (
			);
			inputPaths = (
				"${SRCROOT}/Pods/Target Support Files/Pods-Sport With You !/Pods-Sport With You !-frameworks.sh",
				"${BUILT_PRODUCTS_DIR}/Charts/Charts.framework",
				"${BUILT_PRODUCTS_DIR}/GTMSessionFetcher/GTMSessionFetcher.framework",
				"${BUILT_PRODUCTS_DIR}/GoogleToolboxForMac/GoogleToolboxForMac.framework",
				"${BUILT_PRODUCTS_DIR}/MBCircularProgressBar/MBCircularProgressBar.framework",
				"${BUILT_PRODUCTS_DIR}/TextFieldEffects/TextFieldEffects.framework",
				"${BUILT_PRODUCTS_DIR}/leveldb-library/leveldb.framework",
				"${BUILT_PRODUCTS_DIR}/nanopb/nanopb.framework",
			);
			name = "[CP] Embed Pods Frameworks";
			outputPaths = (
				"${TARGET_BUILD_DIR}/${FRAMEWORKS_FOLDER_PATH}/Charts.framework",
				"${TARGET_BUILD_DIR}/${FRAMEWORKS_FOLDER_PATH}/GTMSessionFetcher.framework",
				"${TARGET_BUILD_DIR}/${FRAMEWORKS_FOLDER_PATH}/GoogleToolboxForMac.framework",
				"${TARGET_BUILD_DIR}/${FRAMEWORKS_FOLDER_PATH}/MBCircularProgressBar.framework",
				"${TARGET_BUILD_DIR}/${FRAMEWORKS_FOLDER_PATH}/TextFieldEffects.framework",
				"${TARGET_BUILD_DIR}/${FRAMEWORKS_FOLDER_PATH}/leveldb.framework",
				"${TARGET_BUILD_DIR}/${FRAMEWORKS_FOLDER_PATH}/nanopb.framework",
			);
			runOnlyForDeploymentPostprocessing = 0;
			shellPath = /bin/sh;
			shellScript = "\"${SRCROOT}/Pods/Target Support Files/Pods-Sport With You !/Pods-Sport With You !-frameworks.sh\"\n";
			showEnvVarsInLog = 0;
		};
/* End PBXShellScriptBuildPhase section */

/* Begin PBXSourcesBuildPhase section */
		3B0108062281E243005E1CBF /* Sources */ = {
			isa = PBXSourcesBuildPhase;
			buildActionMask = 2147483647;
			files = (
				3BA4B6BF228965EA00FB0C5D /* ProgressWeightController.swift in Sources */,
				3B5EFF0B2293DBA7008EEBA8 /* PageViewController.swift in Sources */,
				3BB4B00F229542C200903888 /* Sb2Controller.swift in Sources */,
				3BFB5216228460A20041D872 /* TabBarViewController.swift in Sources */,
				3BFB5210228451720041D872 /* SharedController.swift in Sources */,
				3BFB52182284D53E0041D872 /* EditProfileController.swift in Sources */,
				3B6BA058228D98220022144F /* ActivityController.swift in Sources */,
				3BFB520C22841A420041D872 /* ProfileController.swift in Sources */,
				3BFB520A22838AE50041D872 /* HomeController.swift in Sources */,
				3BB4B00D2294C9B700903888 /* AddProgrammController.swift in Sources */,
				3BFB520E2284515C0041D872 /* ProgramController.swift in Sources */,
				3B94566B228ABB9D002E4BEE /* configGif.swift in Sources */,
				3B0108102281E243005E1CBF /* LoginController.swift in Sources */,
				3B551B6E2281EB6800BEBA5B /* SigninController.swift in Sources */,
				3BB4B00B2294B31100903888 /* Sb1ViewController.swift in Sources */,
				3B98FA142292E5330094092E /* PopupController.swift in Sources */,
				3B01080E2281E243005E1CBF /* AppDelegate.swift in Sources */,
			);
			runOnlyForDeploymentPostprocessing = 0;
		};
/* End PBXSourcesBuildPhase section */

/* Begin PBXVariantGroup section */
		3B0108112281E243005E1CBF /* Main.storyboard */ = {
			isa = PBXVariantGroup;
			children = (
				3B0108122281E243005E1CBF /* Base */,
			);
			name = Main.storyboard;
			sourceTree = "<group>";
		};
		3B0108162281E243005E1CBF /* LaunchScreen.storyboard */ = {
			isa = PBXVariantGroup;
			children = (
				3B0108172281E243005E1CBF /* Base */,
			);
			name = LaunchScreen.storyboard;
			sourceTree = "<group>";
		};
/* End PBXVariantGroup section */

/* Begin XCBuildConfiguration section */
		3B01081A2281E243005E1CBF /* Debug */ = {
			isa = XCBuildConfiguration;
			buildSettings = {
				ALWAYS_SEARCH_USER_PATHS = NO;
				CLANG_ANALYZER_NONNULL = YES;
				CLANG_ANALYZER_NUMBER_OBJECT_CONVERSION = YES_AGGRESSIVE;
				CLANG_CXX_LANGUAGE_STANDARD = "gnu++14";
				CLANG_CXX_LIBRARY = "libc++";
				CLANG_ENABLE_MODULES = YES;
				CLANG_ENABLE_OBJC_ARC = YES;
				CLANG_ENABLE_OBJC_WEAK = YES;
				CLANG_WARN_BLOCK_CAPTURE_AUTORELEASING = YES;
				CLANG_WARN_BOOL_CONVERSION = YES;
				CLANG_WARN_COMMA = YES;
				CLANG_WARN_CONSTANT_CONVERSION = YES;
				CLANG_WARN_DEPRECATED_OBJC_IMPLEMENTATIONS = YES;
				CLANG_WARN_DIRECT_OBJC_ISA_USAGE = YES_ERROR;
				CLANG_WARN_DOCUMENTATION_COMMENTS = YES;
				CLANG_WARN_EMPTY_BODY = YES;
				CLANG_WARN_ENUM_CONVERSION = YES;
				CLANG_WARN_INFINITE_RECURSION = YES;
				CLANG_WARN_INT_CONVERSION = YES;
				CLANG_WARN_NON_LITERAL_NULL_CONVERSION = YES;
				CLANG_WARN_OBJC_IMPLICIT_RETAIN_SELF = YES;
				CLANG_WARN_OBJC_LITERAL_CONVERSION = YES;
				CLANG_WARN_OBJC_ROOT_CLASS = YES_ERROR;
				CLANG_WARN_RANGE_LOOP_ANALYSIS = YES;
				CLANG_WARN_STRICT_PROTOTYPES = YES;
				CLANG_WARN_SUSPICIOUS_MOVE = YES;
				CLANG_WARN_UNGUARDED_AVAILABILITY = YES_AGGRESSIVE;
				CLANG_WARN_UNREACHABLE_CODE = YES;
				CLANG_WARN__DUPLICATE_METHOD_MATCH = YES;
				CODE_SIGN_IDENTITY = "iPhone Developer";
				COPY_PHASE_STRIP = NO;
				DEBUG_INFORMATION_FORMAT = dwarf;
				ENABLE_STRICT_OBJC_MSGSEND = YES;
				ENABLE_TESTABILITY = YES;
				GCC_C_LANGUAGE_STANDARD = gnu11;
				GCC_DYNAMIC_NO_PIC = NO;
				GCC_NO_COMMON_BLOCKS = YES;
				GCC_OPTIMIZATION_LEVEL = 0;
				GCC_PREPROCESSOR_DEFINITIONS = (
					"DEBUG=1",
					"$(inherited)",
				);
				GCC_WARN_64_TO_32_BIT_CONVERSION = YES;
				GCC_WARN_ABOUT_RETURN_TYPE = YES_ERROR;
				GCC_WARN_UNDECLARED_SELECTOR = YES;
				GCC_WARN_UNINITIALIZED_AUTOS = YES_AGGRESSIVE;
				GCC_WARN_UNUSED_FUNCTION = YES;
				GCC_WARN_UNUSED_VARIABLE = YES;
				IPHONEOS_DEPLOYMENT_TARGET = 12.2;
				MTL_ENABLE_DEBUG_INFO = INCLUDE_SOURCE;
				MTL_FAST_MATH = YES;
				ONLY_ACTIVE_ARCH = YES;
				SDKROOT = iphoneos;
				SWIFT_ACTIVE_COMPILATION_CONDITIONS = DEBUG;
				SWIFT_OPTIMIZATION_LEVEL = "-Onone";
			};
			name = Debug;
		};
		3B01081B2281E243005E1CBF /* Release */ = {
			isa = XCBuildConfiguration;
			buildSettings = {
				ALWAYS_SEARCH_USER_PATHS = NO;
				CLANG_ANALYZER_NONNULL = YES;
				CLANG_ANALYZER_NUMBER_OBJECT_CONVERSION = YES_AGGRESSIVE;
				CLANG_CXX_LANGUAGE_STANDARD = "gnu++14";
				CLANG_CXX_LIBRARY = "libc++";
				CLANG_ENABLE_MODULES = YES;
				CLANG_ENABLE_OBJC_ARC = YES;
				CLANG_ENABLE_OBJC_WEAK = YES;
				CLANG_WARN_BLOCK_CAPTURE_AUTORELEASING = YES;
				CLANG_WARN_BOOL_CONVERSION = YES;
				CLANG_WARN_COMMA = YES;
				CLANG_WARN_CONSTANT_CONVERSION = YES;
				CLANG_WARN_DEPRECATED_OBJC_IMPLEMENTATIONS = YES;
				CLANG_WARN_DIRECT_OBJC_ISA_USAGE = YES_ERROR;
				CLANG_WARN_DOCUMENTATION_COMMENTS = YES;
				CLANG_WARN_EMPTY_BODY = YES;
				CLANG_WARN_ENUM_CONVERSION = YES;
				CLANG_WARN_INFINITE_RECURSION = YES;
				CLANG_WARN_INT_CONVERSION = YES;
				CLANG_WARN_NON_LITERAL_NULL_CONVERSION = YES;
				CLANG_WARN_OBJC_IMPLICIT_RETAIN_SELF = YES;
				CLANG_WARN_OBJC_LITERAL_CONVERSION = YES;
				CLANG_WARN_OBJC_ROOT_CLASS = YES_ERROR;
				CLANG_WARN_RANGE_LOOP_ANALYSIS = YES;
				CLANG_WARN_STRICT_PROTOTYPES = YES;
				CLANG_WARN_SUSPICIOUS_MOVE = YES;
				CLANG_WARN_UNGUARDED_AVAILABILITY = YES_AGGRESSIVE;
				CLANG_WARN_UNREACHABLE_CODE = YES;
				CLANG_WARN__DUPLICATE_METHOD_MATCH = YES;
				CODE_SIGN_IDENTITY = "iPhone Developer";
				COPY_PHASE_STRIP = NO;
				DEBUG_INFORMATION_FORMAT = "dwarf-with-dsym";
				ENABLE_NS_ASSERTIONS = NO;
				ENABLE_STRICT_OBJC_MSGSEND = YES;
				GCC_C_LANGUAGE_STANDARD = gnu11;
				GCC_NO_COMMON_BLOCKS = YES;
				GCC_WARN_64_TO_32_BIT_CONVERSION = YES;
				GCC_WARN_ABOUT_RETURN_TYPE = YES_ERROR;
				GCC_WARN_UNDECLARED_SELECTOR = YES;
				GCC_WARN_UNINITIALIZED_AUTOS = YES_AGGRESSIVE;
				GCC_WARN_UNUSED_FUNCTION = YES;
				GCC_WARN_UNUSED_VARIABLE = YES;
				IPHONEOS_DEPLOYMENT_TARGET = 12.2;
				MTL_ENABLE_DEBUG_INFO = NO;
				MTL_FAST_MATH = YES;
				SDKROOT = iphoneos;
				SWIFT_COMPILATION_MODE = wholemodule;
				SWIFT_OPTIMIZATION_LEVEL = "-O";
				VALIDATE_PRODUCT = YES;
			};
			name = Release;
		};
		3B01081D2281E243005E1CBF /* Debug */ = {
			isa = XCBuildConfiguration;
			baseConfigurationReference = 1DEAC727790F6C4D43689FFF /* Pods-Sport With You !.debug.xcconfig */;
			buildSettings = {
				ASSETCATALOG_COMPILER_APPICON_NAME = AppIcon;
				CODE_SIGN_STYLE = Automatic;
				DEVELOPMENT_TEAM = 3YG8R983WL;
				INFOPLIST_FILE = "Sport With You !/Info.plist";
				LD_RUNPATH_SEARCH_PATHS = (
					"$(inherited)",
					"@executable_path/Frameworks",
				);
				PRODUCT_BUNDLE_IDENTIFIER = "Ynov.Sport-With-You--";
				PRODUCT_NAME = "$(TARGET_NAME)";
				SWIFT_VERSION = 5.0;
				TARGETED_DEVICE_FAMILY = 1;
			};
			name = Debug;
		};
		3B01081E2281E243005E1CBF /* Release */ = {
			isa = XCBuildConfiguration;
			baseConfigurationReference = 39F6161FD9F23CD731DBF6B4 /* Pods-Sport With You !.release.xcconfig */;
			buildSettings = {
				ASSETCATALOG_COMPILER_APPICON_NAME = AppIcon;
				CODE_SIGN_STYLE = Automatic;
				DEVELOPMENT_TEAM = 3YG8R983WL;
				INFOPLIST_FILE = "Sport With You !/Info.plist";
				LD_RUNPATH_SEARCH_PATHS = (
					"$(inherited)",
					"@executable_path/Frameworks",
				);
				PRODUCT_BUNDLE_IDENTIFIER = "Ynov.Sport-With-You--";
				PRODUCT_NAME = "$(TARGET_NAME)";
				SWIFT_VERSION = 5.0;
				TARGETED_DEVICE_FAMILY = 1;
			};
			name = Release;
		};
/* End XCBuildConfiguration section */

/* Begin XCConfigurationList section */
		3B0108052281E243005E1CBF /* Build configuration list for PBXProject "Sport With You !" */ = {
			isa = XCConfigurationList;
			buildConfigurations = (
				3B01081A2281E243005E1CBF /* Debug */,
				3B01081B2281E243005E1CBF /* Release */,
			);
			defaultConfigurationIsVisible = 0;
			defaultConfigurationName = Release;
		};
		3B01081C2281E243005E1CBF /* Build configuration list for PBXNativeTarget "Sport With You !" */ = {
			isa = XCConfigurationList;
			buildConfigurations = (
				3B01081D2281E243005E1CBF /* Debug */,
				3B01081E2281E243005E1CBF /* Release */,
			);
			defaultConfigurationIsVisible = 0;
			defaultConfigurationName = Release;
		};
/* End XCConfigurationList section */
	};
	rootObject = 3B0108022281E243005E1CBF /* Project object */;
}
